
Microsoft Visual Studio Solution File, Format Version 12.00
# Visual Studio Version 16
VisualStudioVersion = 16.0.30114.105
MinimumVisualStudioVersion = 10.0.40219.1
Project("{2150E333-8FDC-42A3-9474-1A3956D46DE8}") = "_Solution Itens", "_Solution Itens", "{9C322183-02E1-463C-A095-AB82D55D915B}"
EndProject
Project("{2150E333-8FDC-42A3-9474-1A3956D46DE8}") = "Application", "Application", "{32D3712C-6BFA-465E-95CE-F07BD1DE8794}"
EndProject
Project("{2150E333-8FDC-42A3-9474-1A3956D46DE8}") = "Domain", "Domain", "{14EA10D1-8909-45D3-BB10-2D92FBCEB8D9}"
EndProject
Project("{2150E333-8FDC-42A3-9474-1A3956D46DE8}") = "Services", "Services", "{77B4A929-09BD-4147-A3B1-AF85D36BF44D}"
EndProject
Project("{2150E333-8FDC-42A3-9474-1A3956D46DE8}") = "Infrastructure", "Infrastructure", "{3B66C661-8910-41AD-8856-11E2E9DF9EE4}"
EndProject
Project("{2150E333-8FDC-42A3-9474-1A3956D46DE8}") = "Data", "Data", "{3F6D6847-72F4-44FC-8FAD-72D0395A3EA2}"
EndProject
Project("{9A19103F-16F7-4668-BE54-9A1E7A4F7556}") = "CovidTracking.Data", "src\CovidTracking.Data\CovidTracking.Data.csproj", "{E9A343EF-AC8E-48B8-8231-373A3BC9163A}"
EndProject
Project("{2150E333-8FDC-42A3-9474-1A3956D46DE8}") = "Web", "Web", "{267B263E-64AB-469D-94C8-F125B837F689}"
EndProject
Project("{9A19103F-16F7-4668-BE54-9A1E7A4F7556}") = "CovidTracking.API", "src\CovidTracking.API\CovidTracking.API.csproj", "{8B6D7013-085E-4FE3-9207-9BD6647139D9}"
EndProject
Project("{9A19103F-16F7-4668-BE54-9A1E7A4F7556}") = "CovidTracking.Services", "src\CovidTracking.Services\CovidTracking.Services.csproj", "{FAD60E7F-8FC6-41B4-8021-131B98442BF2}"
EndProject
Project("{2150E333-8FDC-42A3-9474-1A3956D46DE8}") = "CovidTracking", "CovidTracking", "{A3ED851C-D0E1-4B62-8D45-D6F33B4EFB44}"
EndProject
Project("{9A19103F-16F7-4668-BE54-9A1E7A4F7556}") = "CovidTracking.Data.Models", "src\CovidTracking.Data.Models\CovidTracking.Data.Models.csproj", "{2A3D4F7B-65D2-4EFF-9236-1E3B1655309E}"
EndProject
Project("{2150E333-8FDC-42A3-9474-1A3956D46DE8}") = "Tests", "Tests", "{93366BC8-54FB-408B-AB07-FC1F4D8E317B}"
EndProject
Project("{2150E333-8FDC-42A3-9474-1A3956D46DE8}") = "External", "External", "{27D249DC-01F0-4803-AC65-28B59F2A2372}"
EndProject
Project("{9A19103F-16F7-4668-BE54-9A1E7A4F7556}") = "CovidTracking.API.Client", "src\CovidTracking.API.Client\CovidTracking.API.Client.csproj", "{FC5CA463-4617-40B8-BBBA-03335725A504}"
EndProject
Project("{2150E333-8FDC-42A3-9474-1A3956D46DE8}") = "APIs", "APIs", "{8A3FD7B4-F352-457C-A6A8-46F87226ABE7}"
EndProject
Project("{9A19103F-16F7-4668-BE54-9A1E7A4F7556}") = "CovidTracking.API.Models", "src\CovidTracking.API.Models\CovidTracking.API.Models.csproj", "{CD23933C-1B7E-42DE-B482-BBE0859A47BF}"
EndProject
Global
	GlobalSection(SolutionConfigurationPlatforms) = preSolution
		Debug|Any CPU = Debug|Any CPU
		Debug|x64 = Debug|x64
		Debug|x86 = Debug|x86
		Release|Any CPU = Release|Any CPU
		Release|x64 = Release|x64
		Release|x86 = Release|x86
	EndGlobalSection
	GlobalSection(ProjectConfigurationPlatforms) = postSolution
		{E9A343EF-AC8E-48B8-8231-373A3BC9163A}.Debug|Any CPU.ActiveCfg = Debug|Any CPU
		{E9A343EF-AC8E-48B8-8231-373A3BC9163A}.Debug|Any CPU.Build.0 = Debug|Any CPU
		{E9A343EF-AC8E-48B8-8231-373A3BC9163A}.Debug|x64.ActiveCfg = Debug|Any CPU
		{E9A343EF-AC8E-48B8-8231-373A3BC9163A}.Debug|x64.Build.0 = Debug|Any CPU
		{E9A343EF-AC8E-48B8-8231-373A3BC9163A}.Debug|x86.ActiveCfg = Debug|Any CPU
		{E9A343EF-AC8E-48B8-8231-373A3BC9163A}.Debug|x86.Build.0 = Debug|Any CPU
		{E9A343EF-AC8E-48B8-8231-373A3BC9163A}.Release|Any CPU.ActiveCfg = Release|Any CPU
		{E9A343EF-AC8E-48B8-8231-373A3BC9163A}.Release|Any CPU.Build.0 = Release|Any CPU
		{E9A343EF-AC8E-48B8-8231-373A3BC9163A}.Release|x64.ActiveCfg = Release|Any CPU
		{E9A343EF-AC8E-48B8-8231-373A3BC9163A}.Release|x64.Build.0 = Release|Any CPU
		{E9A343EF-AC8E-48B8-8231-373A3BC9163A}.Release|x86.ActiveCfg = Release|Any CPU
		{E9A343EF-AC8E-48B8-8231-373A3BC9163A}.Release|x86.Build.0 = Release|Any CPU
		{8B6D7013-085E-4FE3-9207-9BD6647139D9}.Debug|Any CPU.ActiveCfg = Debug|Any CPU
		{8B6D7013-085E-4FE3-9207-9BD6647139D9}.Debug|Any CPU.Build.0 = Debug|Any CPU
		{8B6D7013-085E-4FE3-9207-9BD6647139D9}.Debug|x64.ActiveCfg = Debug|Any CPU
		{8B6D7013-085E-4FE3-9207-9BD6647139D9}.Debug|x64.Build.0 = Debug|Any CPU
		{8B6D7013-085E-4FE3-9207-9BD6647139D9}.Debug|x86.ActiveCfg = Debug|Any CPU
		{8B6D7013-085E-4FE3-9207-9BD6647139D9}.Debug|x86.Build.0 = Debug|Any CPU
		{8B6D7013-085E-4FE3-9207-9BD6647139D9}.Release|Any CPU.ActiveCfg = Release|Any CPU
		{8B6D7013-085E-4FE3-9207-9BD6647139D9}.Release|Any CPU.Build.0 = Release|Any CPU
		{8B6D7013-085E-4FE3-9207-9BD6647139D9}.Release|x64.ActiveCfg = Release|Any CPU
		{8B6D7013-085E-4FE3-9207-9BD6647139D9}.Release|x64.Build.0 = Release|Any CPU
		{8B6D7013-085E-4FE3-9207-9BD6647139D9}.Release|x86.ActiveCfg = Release|Any CPU
		{8B6D7013-085E-4FE3-9207-9BD6647139D9}.Release|x86.Build.0 = Release|Any CPU
		{FAD60E7F-8FC6-41B4-8021-131B98442BF2}.Debug|Any CPU.ActiveCfg = Debug|Any CPU
		{FAD60E7F-8FC6-41B4-8021-131B98442BF2}.Debug|Any CPU.Build.0 = Debug|Any CPU
		{FAD60E7F-8FC6-41B4-8021-131B98442BF2}.Debug|x64.ActiveCfg = Debug|Any CPU
		{FAD60E7F-8FC6-41B4-8021-131B98442BF2}.Debug|x64.Build.0 = Debug|Any CPU
		{FAD60E7F-8FC6-41B4-8021-131B98442BF2}.Debug|x86.ActiveCfg = Debug|Any CPU
		{FAD60E7F-8FC6-41B4-8021-131B98442BF2}.Debug|x86.Build.0 = Debug|Any CPU
		{FAD60E7F-8FC6-41B4-8021-131B98442BF2}.Release|Any CPU.ActiveCfg = Release|Any CPU
		{FAD60E7F-8FC6-41B4-8021-131B98442BF2}.Release|Any CPU.Build.0 = Release|Any CPU
		{FAD60E7F-8FC6-41B4-8021-131B98442BF2}.Release|x64.ActiveCfg = Release|Any CPU
		{FAD60E7F-8FC6-41B4-8021-131B98442BF2}.Release|x64.Build.0 = Release|Any CPU
		{FAD60E7F-8FC6-41B4-8021-131B98442BF2}.Release|x86.ActiveCfg = Release|Any CPU
		{FAD60E7F-8FC6-41B4-8021-131B98442BF2}.Release|x86.Build.0 = Release|Any CPU
		{2A3D4F7B-65D2-4EFF-9236-1E3B1655309E}.Debug|Any CPU.ActiveCfg = Debug|Any CPU
		{2A3D4F7B-65D2-4EFF-9236-1E3B1655309E}.Debug|Any CPU.Build.0 = Debug|Any CPU
		{2A3D4F7B-65D2-4EFF-9236-1E3B1655309E}.Debug|x64.ActiveCfg = Debug|Any CPU
		{2A3D4F7B-65D2-4EFF-9236-1E3B1655309E}.Debug|x64.Build.0 = Debug|Any CPU
		{2A3D4F7B-65D2-4EFF-9236-1E3B1655309E}.Debug|x86.ActiveCfg = Debug|Any CPU
		{2A3D4F7B-65D2-4EFF-9236-1E3B1655309E}.Debug|x86.Build.0 = Debug|Any CPU
		{2A3D4F7B-65D2-4EFF-9236-1E3B1655309E}.Release|Any CPU.ActiveCfg = Release|Any CPU
		{2A3D4F7B-65D2-4EFF-9236-1E3B1655309E}.Release|Any CPU.Build.0 = Release|Any CPU
		{2A3D4F7B-65D2-4EFF-9236-1E3B1655309E}.Release|x64.ActiveCfg = Release|Any CPU
		{2A3D4F7B-65D2-4EFF-9236-1E3B1655309E}.Release|x64.Build.0 = Release|Any CPU
		{2A3D4F7B-65D2-4EFF-9236-1E3B1655309E}.Release|x86.ActiveCfg = Release|Any CPU
		{2A3D4F7B-65D2-4EFF-9236-1E3B1655309E}.Release|x86.Build.0 = Release|Any CPU
		{FC5CA463-4617-40B8-BBBA-03335725A504}.Debug|Any CPU.ActiveCfg = Debug|Any CPU
		{FC5CA463-4617-40B8-BBBA-03335725A504}.Debug|Any CPU.Build.0 = Debug|Any CPU
		{FC5CA463-4617-40B8-BBBA-03335725A504}.Debug|x64.ActiveCfg = Debug|Any CPU
		{FC5CA463-4617-40B8-BBBA-03335725A504}.Debug|x64.Build.0 = Debug|Any CPU
		{FC5CA463-4617-40B8-BBBA-03335725A504}.Debug|x86.ActiveCfg = Debug|Any CPU
		{FC5CA463-4617-40B8-BBBA-03335725A504}.Debug|x86.Build.0 = Debug|Any CPU
		{FC5CA463-4617-40B8-BBBA-03335725A504}.Release|Any CPU.ActiveCfg = Release|Any CPU
		{FC5CA463-4617-40B8-BBBA-03335725A504}.Release|Any CPU.Build.0 = Release|Any CPU
		{FC5CA463-4617-40B8-BBBA-03335725A504}.Release|x64.ActiveCfg = Release|Any CPU
		{FC5CA463-4617-40B8-BBBA-03335725A504}.Release|x64.Build.0 = Release|Any CPU
		{FC5CA463-4617-40B8-BBBA-03335725A504}.Release|x86.ActiveCfg = Release|Any CPU
		{FC5CA463-4617-40B8-BBBA-03335725A504}.Release|x86.Build.0 = Release|Any CPU
		{CD23933C-1B7E-42DE-B482-BBE0859A47BF}.Debug|Any CPU.ActiveCfg = Debug|Any CPU
		{CD23933C-1B7E-42DE-B482-BBE0859A47BF}.Debug|Any CPU.Build.0 = Debug|Any CPU
		{CD23933C-1B7E-42DE-B482-BBE0859A47BF}.Debug|x64.ActiveCfg = Debug|Any CPU
		{CD23933C-1B7E-42DE-B482-BBE0859A47BF}.Debug|x64.Build.0 = Debug|Any CPU
		{CD23933C-1B7E-42DE-B482-BBE0859A47BF}.Debug|x86.ActiveCfg = Debug|Any CPU
		{CD23933C-1B7E-42DE-B482-BBE0859A47BF}.Debug|x86.Build.0 = Debug|Any CPU
		{CD23933C-1B7E-42DE-B482-BBE0859A47BF}.Release|Any CPU.ActiveCfg = Release|Any CPU
		{CD23933C-1B7E-42DE-B482-BBE0859A47BF}.Release|Any CPU.Build.0 = Release|Any CPU
		{CD23933C-1B7E-42DE-B482-BBE0859A47BF}.Release|x64.ActiveCfg = Release|Any CPU
		{CD23933C-1B7E-42DE-B482-BBE0859A47BF}.Release|x64.Build.0 = Release|Any CPU
		{CD23933C-1B7E-42DE-B482-BBE0859A47BF}.Release|x86.ActiveCfg = Release|Any CPU
		{CD23933C-1B7E-42DE-B482-BBE0859A47BF}.Release|x86.Build.0 = Release|Any CPU
	EndGlobalSection
	GlobalSection(SolutionProperties) = preSolution
		HideSolutionNode = FALSE
	EndGlobalSection
	GlobalSection(NestedProjects) = preSolution
		{3F6D6847-72F4-44FC-8FAD-72D0395A3EA2} = {3B66C661-8910-41AD-8856-11E2E9DF9EE4}
		{E9A343EF-AC8E-48B8-8231-373A3BC9163A} = {3F6D6847-72F4-44FC-8FAD-72D0395A3EA2}
		{267B263E-64AB-469D-94C8-F125B837F689} = {77B4A929-09BD-4147-A3B1-AF85D36BF44D}
		{8B6D7013-085E-4FE3-9207-9BD6647139D9} = {267B263E-64AB-469D-94C8-F125B837F689}
		{FAD60E7F-8FC6-41B4-8021-131B98442BF2} = {A3ED851C-D0E1-4B62-8D45-D6F33B4EFB44}
		{A3ED851C-D0E1-4B62-8D45-D6F33B4EFB44} = {14EA10D1-8909-45D3-BB10-2D92FBCEB8D9}
		{2A3D4F7B-65D2-4EFF-9236-1E3B1655309E} = {A3ED851C-D0E1-4B62-8D45-D6F33B4EFB44}
		{27D249DC-01F0-4803-AC65-28B59F2A2372} = {3B66C661-8910-41AD-8856-11E2E9DF9EE4}
		{FC5CA463-4617-40B8-BBBA-03335725A504} = {27D249DC-01F0-4803-AC65-28B59F2A2372}
		{CD23933C-1B7E-42DE-B482-BBE0859A47BF} = {8A3FD7B4-F352-457C-A6A8-46F87226ABE7}
	EndGlobalSection
	GlobalSection(ExtensibilityGlobals) = postSolution
		SolutionGuid = {F4937663-6E6C-4C2E-A25B-B2F6006D1695}
	EndGlobalSection
EndGlobal
